{
  "name": "collie-language-support",
  "version": "0.0.1",
  "lockfileVersion": 3,
  "requires": true,
  "packages": {
    "": {
      "name": "collie-language-support",
      "version": "0.0.1",
      "devDependencies": {
        "oniguruma": "^7.2.3",
        "vscode-textmate": "^9.0.0"
      },
      "engines": {
        "vscode": "^1.96.0"
      }
    },
    "node_modules/nan": {
      "version": "2.22.0",
      "resolved": "https://registry.npmmirror.com/nan/-/nan-2.22.0.tgz",
      "integrity": "sha512-nbajikzWTMwsW+eSsNm3QwlOs7het9gGJU5dDZzRTQGk03vyBOauxgI4VakDzE0PtsGTmXPsXTbbjVhRwR5mpw==",
      "dev": true,
      "license": "MIT"
    },
    "node_modules/oniguruma": {
      "version": "7.2.3",
      "resolved": "https://registry.npmmirror.com/oniguruma/-/oniguruma-7.2.3.tgz",
      "integrity": "sha512-PZZcE0yfg8Q1IvaJImh21RUTHl8ep0zwwyoE912KqlWVrsGByjjj29sdACcD1BFyX2bLkfuOJeP+POzAGVWtbA==",
      "dev": true,
      "hasInstallScript": true,
      "dependencies": {
        "nan": "^2.14.0"
      }
    },
    "node_modules/vscode-textmate": {
      "version": "9.2.0",
      "resolved": "https://registry.npmmirror.com/vscode-textmate/-/vscode-textmate-9.2.0.tgz",
      "integrity": "sha512-rkvG4SraZQaPSN/5XjwKswdU0OP9MF28QjrYzUBbhb8QyG3ljB1Ky996m++jiI7KdiAP2CkBiQZd9pqEDTClqA==",
      "dev": true,
      "license": "MIT"
    }
  }
}
